
Microsoft Visual Studio Solution File, Format Version 12.00
# Visual Studio Version 16
VisualStudioVersion = 16.0.32002.261
MinimumVisualStudioVersion = 10.0.40219.1
Project("{FAE04EC0-301F-11D3-BF4B-00C04F79EFBC}") = "Library.Api", "Library.Api\Library.Api.csproj", "{83887C00-8A79-404F-A903-88DF1B9AF822}"
EndProject
Global
	GlobalSection(SolutionConfigurationPlatforms) = preSolution
		Debug|Any CPU = Debug|Any CPU
		Release|Any CPU = Release|Any CPU
	EndGlobalSection
	GlobalSection(ProjectConfigurationPlatforms) = postSolution
		{83887C00-8A79-404F-A903-88DF1B9AF822}.Debug|Any CPU.ActiveCfg = Debug|Any CPU
		{83887C00-8A79-404F-A903-88DF1B9AF822}.Debug|Any CPU.Build.0 = Debug|Any CPU
		{83887C00-8A79-404F-A903-88DF1B9AF822}.Release|Any CPU.ActiveCfg = Release|Any CPU
		{83887C00-8A79-404F-A903-88DF1B9AF822}.Release|Any CPU.Build.0 = Release|Any CPU
	EndGlobalSection
	GlobalSection(SolutionProperties) = preSolution
		HideSolutionNode = FALSE
	EndGlobalSection
	GlobalSection(ExtensibilityGlobals) = postSolution
		SolutionGuid = {20DF48C4-E6EC-4B71-B9B4-A62BEAC4D42B}
	EndGlobalSection
EndGlobal
