
Microsoft Visual Studio Solution File, Format Version 12.00
# Visual Studio Version 16
VisualStudioVersion = 16.0.32002.261
MinimumVisualStudioVersion = 10.0.40219.1
Project("{9A19103F-16F7-4668-BE54-9A1E7A4F7556}") = "Library.Api", "Library.Api\Library.Api.csproj", "{83887C00-8A79-404F-A903-88DF1B9AF822}"
EndProject
Project("{9A19103F-16F7-4668-BE54-9A1E7A4F7556}") = "Library.Infrastructure", "Library.Infrastructure\Library.Infrastructure.csproj", "{A6F22DA7-C2F8-497D-8F86-504622EFC413}"
EndProject
Project("{9A19103F-16F7-4668-BE54-9A1E7A4F7556}") = "Library.Core", "Library.Core\Library.Core.csproj", "{1E1D065C-9EB6-4A10-A72C-85958C696FE9}"
EndProject
Global
	GlobalSection(SolutionConfigurationPlatforms) = preSolution
		Debug|Any CPU = Debug|Any CPU
		Release|Any CPU = Release|Any CPU
	EndGlobalSection
	GlobalSection(ProjectConfigurationPlatforms) = postSolution
		{83887C00-8A79-404F-A903-88DF1B9AF822}.Debug|Any CPU.ActiveCfg = Debug|Any CPU
		{83887C00-8A79-404F-A903-88DF1B9AF822}.Debug|Any CPU.Build.0 = Debug|Any CPU
		{83887C00-8A79-404F-A903-88DF1B9AF822}.Release|Any CPU.ActiveCfg = Release|Any CPU
		{83887C00-8A79-404F-A903-88DF1B9AF822}.Release|Any CPU.Build.0 = Release|Any CPU
		{A6F22DA7-C2F8-497D-8F86-504622EFC413}.Debug|Any CPU.ActiveCfg = Debug|Any CPU
		{A6F22DA7-C2F8-497D-8F86-504622EFC413}.Debug|Any CPU.Build.0 = Debug|Any CPU
		{A6F22DA7-C2F8-497D-8F86-504622EFC413}.Release|Any CPU.ActiveCfg = Release|Any CPU
		{A6F22DA7-C2F8-497D-8F86-504622EFC413}.Release|Any CPU.Build.0 = Release|Any CPU
		{1E1D065C-9EB6-4A10-A72C-85958C696FE9}.Debug|Any CPU.ActiveCfg = Debug|Any CPU
		{1E1D065C-9EB6-4A10-A72C-85958C696FE9}.Debug|Any CPU.Build.0 = Debug|Any CPU
		{1E1D065C-9EB6-4A10-A72C-85958C696FE9}.Release|Any CPU.ActiveCfg = Release|Any CPU
		{1E1D065C-9EB6-4A10-A72C-85958C696FE9}.Release|Any CPU.Build.0 = Release|Any CPU
	EndGlobalSection
	GlobalSection(SolutionProperties) = preSolution
		HideSolutionNode = FALSE
	EndGlobalSection
	GlobalSection(ExtensibilityGlobals) = postSolution
		SolutionGuid = {20DF48C4-E6EC-4B71-B9B4-A62BEAC4D42B}
	EndGlobalSection
EndGlobal
